<?xml version="1.0" encoding="utf-8"?>
<Project ToolsVersion="4.0" xmlns="http://schemas.microsoft.com/developer/msbuild/2003">
  <ItemGroup>
    <Filter Include="Source Files">
      <UniqueIdentifier>{4FC737F1-C7A5-4376-A066-2A32D752A2FF}</UniqueIdentifier>
      <Extensions>cpp;c;cc;cxx;def;odl;idl;hpj;bat;asm;asmx</Extensions>
    </Filter>
    <Filter Include="Header Files">
      <UniqueIdentifier>{93995380-89BD-4b04-88EB-625FBE52EBFB}</UniqueIdentifier>
      <Extensions>h;hh;hpp;hxx;hm;inl;inc;xsd</Extensions>
    </Filter>
    <Filter Include="Resource Files">
      <UniqueIdentifier>{67DA6AB6-F800-4c08-8B7A-83BB121AAD01}</UniqueIdentifier>
      <Extensions>rc;ico;cur;bmp;dlg;rc2;rct;bin;rgs;gif;jpg;jpeg;jpe;resx;tiff;tif;png;wav;mfcribbon-ms</Extensions>
    </Filter>
    <Filter Include="Screen">
      <UniqueIdentifier>{ded36c48-f6c5-437b-a8fb-e1986649d76c}</UniqueIdentifier>
    </Filter>
    <Filter Include="Canvas">
      <UniqueIdentifier>{fcbbbc1c-b3da-42e9-8db5-1c4e531dc297}</UniqueIdentifier>
    </Filter>
    <Filter Include="Screen\Console">
      <UniqueIdentifier>{d990cc01-a425-41d4-aa8a-b7991ea8b5ae}</UniqueIdentifier>
    </Filter>
    <Filter Include="Canvas\Grid">
      <UniqueIdentifier>{bedf2583-01da-4456-a56f-a738c818928f}</UniqueIdentifier>
    </Filter>
    <Filter Include="Canvas\Freestyle">
      <UniqueIdentifier>{b5ff5108-d79e-4b55-a4ba-1af55e9b5ed5}</UniqueIdentifier>
    </Filter>
    <Filter Include="Canvas\Text">
      <UniqueIdentifier>{2d729a81-1011-4b5f-954a-820f98fe8d0b}</UniqueIdentifier>
    </Filter>
    <Filter Include="Factory">
      <UniqueIdentifier>{6059199f-87eb-413f-aa36-22d7600488fb}</UniqueIdentifier>
    </Filter>
    <Filter Include="Factory\Alphabet">
      <UniqueIdentifier>{f6b86fd7-2d37-456a-b3af-786733b6b264}</UniqueIdentifier>
    </Filter>
    <Filter Include="Shape">
      <UniqueIdentifier>{d5e09378-7ed3-4646-8fb6-ece96e13545c}</UniqueIdentifier>
    </Filter>
    <Filter Include="Shape\SmartShape">
      <UniqueIdentifier>{453c9769-2b8b-419d-96cf-f0d667f4d821}</UniqueIdentifier>
    </Filter>
  </ItemGroup>
  <ItemGroup>
    <Text Include="ReadMe.txt" />
  </ItemGroup>
  <ItemGroup>
    <ClInclude Include="Screen\Screen.h">
      <Filter>Screen</Filter>
    </ClInclude>
    <ClInclude Include="Canvas\Canvas.h">
      <Filter>Canvas</Filter>
    </ClInclude>
    <ClInclude Include="Includes\Resolution.h">
      <Filter>Header Files</Filter>
    </ClInclude>
    <ClInclude Include="Includes\Point.h">
      <Filter>Header Files</Filter>
    </ClInclude>
    <ClInclude Include="Screen\Console\Console.h">
      <Filter>Screen\Console</Filter>
    </ClInclude>
    <ClInclude Include="Canvas\Freestyle\FreestyleCanvas.h">
      <Filter>Canvas\Freestyle</Filter>
    </ClInclude>
    <ClInclude Include="Includes\Dimensions.h">
      <Filter>Header Files</Filter>
    </ClInclude>
    <ClInclude Include="Canvas\Grid\GridCanvas.h">
      <Filter>Canvas\Grid</Filter>
    </ClInclude>
    <ClInclude Include="Canvas\Text\TextCanvas.h">
      <Filter>Canvas\Text</Filter>
    </ClInclude>
    <ClInclude Include="Factory\Alphabet\AlphabetFactory.h">
      <Filter>Factory\Alphabet</Filter>
    </ClInclude>
    <ClInclude Include="Shape\Shape.h">
      <Filter>Shape</Filter>
    </ClInclude>
    <ClInclude Include="Shape\SmartShape\SmartShape.h">
      <Filter>Shape\SmartShape</Filter>
    </ClInclude>
  </ItemGroup>
  <ItemGroup>
    <ClCompile Include="Screen\Screen.cpp">
      <Filter>Screen</Filter>
    </ClCompile>
    <ClCompile Include="Canvas\Canvas.cpp">
      <Filter>Canvas</Filter>
    </ClCompile>
    <ClCompile Include="Screen\Console\Console.cpp">
      <Filter>Screen\Console</Filter>
    </ClCompile>
    <ClCompile Include="Canvas\Freestyle\FreestyleCanvas.cpp">
      <Filter>Canvas\Freestyle</Filter>
    </ClCompile>
    <ClCompile Include="Canvas\Grid\GridCanvas.cpp">
      <Filter>Canvas\Grid</Filter>
    </ClCompile>
    <ClCompile Include="Canvas\Text\TextCanvas.cpp">
      <Filter>Canvas\Text</Filter>
    </ClCompile>
    <ClCompile Include="Factory\Alphabet\AlphabetFactory.cpp">
      <Filter>Factory\Alphabet</Filter>
    </ClCompile>
    <ClCompile Include="Shape\Shape.cpp">
      <Filter>Shape</Filter>
    </ClCompile>
    <ClCompile Include="Shape\SmartShape\SmartShape.cpp">
      <Filter>Shape\SmartShape</Filter>
    </ClCompile>
  </ItemGroup>
</Project>